// !$*UTF8*$!
{
	archiveVersion = 1;
	classes = {
	};
	objectVersion = 52;
	objects = {

/* Begin PBXBuildFile section */
		AA5560852866B4E400FB207C /* ResetViewController.swift in Sources */ = {isa = PBXBuildFile; fileRef = AA5560842866B4E400FB207C /* ResetViewController.swift */; };
		AA7A1FA628899AB700B30B0C /* friends.mp4 in Resources */ = {isa = PBXBuildFile; fileRef = AA7A1FA528899AB700B30B0C /* friends.mp4 */; };
		AA7E72B6286521B4001E50AF /* GoogleService-Info.plist in Resources */ = {isa = PBXBuildFile; fileRef = AA7E72B5286521B4001E50AF /* GoogleService-Info.plist */; };
		AA7E72BA28652BF4001E50AF /* FirebaseAnalytics in Frameworks */ = {isa = PBXBuildFile; productRef = AA7E72B928652BF4001E50AF /* FirebaseAnalytics */; };
		AA7E72BC28652BF4001E50AF /* FirebaseAuth in Frameworks */ = {isa = PBXBuildFile; productRef = AA7E72BB28652BF4001E50AF /* FirebaseAuth */; };
		AA7E72BE28652BF4001E50AF /* FirebaseFirestore in Frameworks */ = {isa = PBXBuildFile; productRef = AA7E72BD28652BF4001E50AF /* FirebaseFirestore */; };
		AA7E72C028652BF4001E50AF /* FirebaseDatabase in Frameworks */ = {isa = PBXBuildFile; productRef = AA7E72BF28652BF4001E50AF /* FirebaseDatabase */; };
		AA8DDAEC285EEF9A00A7DFEB /* AppDelegate.swift in Sources */ = {isa = PBXBuildFile; fileRef = AA8DDAEB285EEF9A00A7DFEB /* AppDelegate.swift */; };
		AA8DDAEE285EEF9A00A7DFEB /* SceneDelegate.swift in Sources */ = {isa = PBXBuildFile; fileRef = AA8DDAED285EEF9A00A7DFEB /* SceneDelegate.swift */; };
		AA8DDAF0285EEF9A00A7DFEB /* AuthViewController.swift in Sources */ = {isa = PBXBuildFile; fileRef = AA8DDAEF285EEF9A00A7DFEB /* AuthViewController.swift */; };
		AA8DDAF3285EEF9A00A7DFEB /* Main.storyboard in Resources */ = {isa = PBXBuildFile; fileRef = AA8DDAF1285EEF9A00A7DFEB /* Main.storyboard */; };
		AA8DDAF5285EEFA300A7DFEB /* Assets.xcassets in Resources */ = {isa = PBXBuildFile; fileRef = AA8DDAF4285EEFA300A7DFEB /* Assets.xcassets */; };
		AA8DDAF8285EEFA300A7DFEB /* LaunchScreen.storyboard in Resources */ = {isa = PBXBuildFile; fileRef = AA8DDAF6285EEFA300A7DFEB /* LaunchScreen.storyboard */; };
		AACDE7892883C09900EFB581 /* HomeViewController.swift in Sources */ = {isa = PBXBuildFile; fileRef = AACDE7882883C09900EFB581 /* HomeViewController.swift */; };
		AACDE78E2883D6F400EFB581 /* RegisterViewController.swift in Sources */ = {isa = PBXBuildFile; fileRef = AACDE78D2883D6F400EFB581 /* RegisterViewController.swift */; };
		AAF712D428849A4400C0DBB8 /* Utilities.swift in Sources */ = {isa = PBXBuildFile; fileRef = AAF712D328849A4400C0DBB8 /* Utilities.swift */; };
		AAF712D82884ABA300C0DBB8 /* Constants.swift in Sources */ = {isa = PBXBuildFile; fileRef = AAF712D72884ABA300C0DBB8 /* Constants.swift */; };
		AAF712DB2884B4BC00C0DBB8 /* ViewController.swift in Sources */ = {isa = PBXBuildFile; fileRef = AAF712DA2884B4BC00C0DBB8 /* ViewController.swift */; };
/* End PBXBuildFile section */

/* Begin PBXFileReference section */
		AA5560842866B4E400FB207C /* ResetViewController.swift */ = {isa = PBXFileReference; lastKnownFileType = sourcecode.swift; path = ResetViewController.swift; sourceTree = "<group>"; };
		AA7A1FA528899AB700B30B0C /* friends.mp4 */ = {isa = PBXFileReference; lastKnownFileType = file; path = friends.mp4; sourceTree = "<group>"; };
		AA7E72B5286521B4001E50AF /* GoogleService-Info.plist */ = {isa = PBXFileReference; fileEncoding = 4; lastKnownFileType = text.plist.xml; path = "GoogleService-Info.plist"; sourceTree = "<group>"; };
		AA8DDAE8285EEF9A00A7DFEB /* CaraLibro.app */ = {isa = PBXFileReference; explicitFileType = wrapper.application; includeInIndex = 0; path = CaraLibro.app; sourceTree = BUILT_PRODUCTS_DIR; };
		AA8DDAEB285EEF9A00A7DFEB /* AppDelegate.swift */ = {isa = PBXFileReference; lastKnownFileType = sourcecode.swift; path = AppDelegate.swift; sourceTree = "<group>"; };
		AA8DDAED285EEF9A00A7DFEB /* SceneDelegate.swift */ = {isa = PBXFileReference; lastKnownFileType = sourcecode.swift; path = SceneDelegate.swift; sourceTree = "<group>"; };
		AA8DDAEF285EEF9A00A7DFEB /* AuthViewController.swift */ = {isa = PBXFileReference; lastKnownFileType = sourcecode.swift; path = AuthViewController.swift; sourceTree = "<group>"; };
		AA8DDAF2285EEF9A00A7DFEB /* Base */ = {isa = PBXFileReference; lastKnownFileType = file.storyboard; name = Base; path = Base.lproj/Main.storyboard; sourceTree = "<group>"; };
		AA8DDAF4285EEFA300A7DFEB /* Assets.xcassets */ = {isa = PBXFileReference; lastKnownFileType = folder.assetcatalog; path = Assets.xcassets; sourceTree = "<group>"; };
		AA8DDAF7285EEFA300A7DFEB /* Base */ = {isa = PBXFileReference; lastKnownFileType = file.storyboard; name = Base; path = Base.lproj/LaunchScreen.storyboard; sourceTree = "<group>"; };
		AA8DDAF9285EEFA300A7DFEB /* Info.plist */ = {isa = PBXFileReference; lastKnownFileType = text.plist.xml; path = Info.plist; sourceTree = "<group>"; };
		AACDE7882883C09900EFB581 /* HomeViewController.swift */ = {isa = PBXFileReference; lastKnownFileType = sourcecode.swift; path = HomeViewController.swift; sourceTree = "<group>"; };
		AACDE78D2883D6F400EFB581 /* RegisterViewController.swift */ = {isa = PBXFileReference; fileEncoding = 4; lastKnownFileType = sourcecode.swift; path = RegisterViewController.swift; sourceTree = "<group>"; };
		AAF712D328849A4400C0DBB8 /* Utilities.swift */ = {isa = PBXFileReference; lastKnownFileType = sourcecode.swift; path = Utilities.swift; sourceTree = "<group>"; };
		AAF712D72884ABA300C0DBB8 /* Constants.swift */ = {isa = PBXFileReference; lastKnownFileType = sourcecode.swift; path = Constants.swift; sourceTree = "<group>"; };
		AAF712DA2884B4BC00C0DBB8 /* ViewController.swift */ = {isa = PBXFileReference; lastKnownFileType = sourcecode.swift; path = ViewController.swift; sourceTree = "<group>"; };
/* End PBXFileReference section */

/* Begin PBXFrameworksBuildPhase section */
		AA8DDAE5285EEF9A00A7DFEB /* Frameworks */ = {
			isa = PBXFrameworksBuildPhase;
			buildActionMask = 2147483647;
			files = (
				AA7E72BA28652BF4001E50AF /* FirebaseAnalytics in Frameworks */,
				AA7E72BC28652BF4001E50AF /* FirebaseAuth in Frameworks */,
				AA7E72C028652BF4001E50AF /* FirebaseDatabase in Frameworks */,
				AA7E72BE28652BF4001E50AF /* FirebaseFirestore in Frameworks */,
			);
			runOnlyForDeploymentPostprocessing = 0;
		};
/* End PBXFrameworksBuildPhase section */

/* Begin PBXGroup section */
		AA7A1FA02889998600B30B0C /* Media */ = {
			isa = PBXGroup;
			children = (
				AA7A1FA528899AB700B30B0C /* friends.mp4 */,
			);
			path = Media;
			sourceTree = "<group>";
		};
		AA7A1FA82889DE2100B30B0C /* Resources */ = {
			isa = PBXGroup;
			children = (
				AA8DDAEB285EEF9A00A7DFEB /* AppDelegate.swift */,
				AA8DDAED285EEF9A00A7DFEB /* SceneDelegate.swift */,
			);
			path = Resources;
			sourceTree = "<group>";
		};
		AA7A1FA92889DE3600B30B0C /* Storyboards */ = {
			isa = PBXGroup;
			children = (
				AA8DDAF6285EEFA300A7DFEB /* LaunchScreen.storyboard */,
				AA8DDAF1285EEF9A00A7DFEB /* Main.storyboard */,
			);
			path = Storyboards;
			sourceTree = "<group>";
		};
		AA8DDADF285EEF9A00A7DFEB = {
			isa = PBXGroup;
			children = (
				AA8DDAEA285EEF9A00A7DFEB /* CaraLibro */,
				AA8DDAE9285EEF9A00A7DFEB /* Products */,
			);
			sourceTree = "<group>";
		};
		AA8DDAE9285EEF9A00A7DFEB /* Products */ = {
			isa = PBXGroup;
			children = (
				AA8DDAE8285EEF9A00A7DFEB /* CaraLibro.app */,
			);
			name = Products;
			sourceTree = "<group>";
		};
		AA8DDAEA285EEF9A00A7DFEB /* CaraLibro */ = {
			isa = PBXGroup;
			children = (
				AA7A1FA82889DE2100B30B0C /* Resources */,
				AA7A1FA02889998600B30B0C /* Media */,
				AAF712D228849A2400C0DBB8 /* Helpers */,
				AAF712D12884945200C0DBB8 /* View Controllers */,
				AA8DDAF4285EEFA300A7DFEB /* Assets.xcassets */,
				AA8DDAF9285EEFA300A7DFEB /* Info.plist */,
				AA7E72B5286521B4001E50AF /* GoogleService-Info.plist */,
			);
			path = CaraLibro;
			sourceTree = "<group>";
		};
		AAF712D12884945200C0DBB8 /* View Controllers */ = {
			isa = PBXGroup;
			children = (
				AAF712DA2884B4BC00C0DBB8 /* ViewController.swift */,
				AA8DDAEF285EEF9A00A7DFEB /* AuthViewController.swift */,
				AACDE78D2883D6F400EFB581 /* RegisterViewController.swift */,
				AA5560842866B4E400FB207C /* ResetViewController.swift */,
				AACDE7882883C09900EFB581 /* HomeViewController.swift */,
				AA7A1FA92889DE3600B30B0C /* Storyboards */,
			);
			path = "View Controllers";
			sourceTree = "<group>";
		};
		AAF712D228849A2400C0DBB8 /* Helpers */ = {
			isa = PBXGroup;
			children = (
				AAF712D328849A4400C0DBB8 /* Utilities.swift */,
				AAF712D72884ABA300C0DBB8 /* Constants.swift */,
			);
			path = Helpers;
			sourceTree = "<group>";
		};
/* End PBXGroup section */

/* Begin PBXNativeTarget section */
		AA8DDAE7285EEF9A00A7DFEB /* CaraLibro */ = {
			isa = PBXNativeTarget;
			buildConfigurationList = AA8DDAFC285EEFA300A7DFEB /* Build configuration list for PBXNativeTarget "CaraLibro" */;
			buildPhases = (
				AA8DDAE4285EEF9A00A7DFEB /* Sources */,
				AA8DDAE5285EEF9A00A7DFEB /* Frameworks */,
				AA8DDAE6285EEF9A00A7DFEB /* Resources */,
			);
			buildRules = (
			);
			dependencies = (
			);
			name = CaraLibro;
			packageProductDependencies = (
				AA7E72B928652BF4001E50AF /* FirebaseAnalytics */,
				AA7E72BB28652BF4001E50AF /* FirebaseAuth */,
				AA7E72BD28652BF4001E50AF /* FirebaseFirestore */,
				AA7E72BF28652BF4001E50AF /* FirebaseDatabase */,
			);
			productName = CaraLibro;
			productReference = AA8DDAE8285EEF9A00A7DFEB /* CaraLibro.app */;
			productType = "com.apple.product-type.application";
		};
/* End PBXNativeTarget section */

/* Begin PBXProject section */
		AA8DDAE0285EEF9A00A7DFEB /* Project object */ = {
			isa = PBXProject;
			attributes = {
				LastSwiftUpdateCheck = 1240;
				LastUpgradeCheck = 1240;
				TargetAttributes = {
					AA8DDAE7285EEF9A00A7DFEB = {
						CreatedOnToolsVersion = 12.4;
					};
				};
			};
			buildConfigurationList = AA8DDAE3285EEF9A00A7DFEB /* Build configuration list for PBXProject "CaraLibro" */;
			compatibilityVersion = "Xcode 9.3";
			developmentRegion = en;
			hasScannedForEncodings = 0;
			knownRegions = (
				en,
				Base,
			);
			mainGroup = AA8DDADF285EEF9A00A7DFEB;
			packageReferences = (
				AA7E72B828652BF4001E50AF /* XCRemoteSwiftPackageReference "firebase-ios-sdk" */,
			);
			productRefGroup = AA8DDAE9285EEF9A00A7DFEB /* Products */;
			projectDirPath = "";
			projectRoot = "";
			targets = (
				AA8DDAE7285EEF9A00A7DFEB /* CaraLibro */,
			);
		};
/* End PBXProject section */

/* Begin PBXResourcesBuildPhase section */
		AA8DDAE6285EEF9A00A7DFEB /* Resources */ = {
			isa = PBXResourcesBuildPhase;
			buildActionMask = 2147483647;
			files = (
				AA8DDAF8285EEFA300A7DFEB /* LaunchScreen.storyboard in Resources */,
				AA7A1FA628899AB700B30B0C /* friends.mp4 in Resources */,
				AA7E72B6286521B4001E50AF /* GoogleService-Info.plist in Resources */,
				AA8DDAF5285EEFA300A7DFEB /* Assets.xcassets in Resources */,
				AA8DDAF3285EEF9A00A7DFEB /* Main.storyboard in Resources */,
			);
			runOnlyForDeploymentPostprocessing = 0;
		};
/* End PBXResourcesBuildPhase section */

/* Begin PBXSourcesBuildPhase section */
		AA8DDAE4285EEF9A00A7DFEB /* Sources */ = {
			isa = PBXSourcesBuildPhase;
			buildActionMask = 2147483647;
			files = (
				AAF712DB2884B4BC00C0DBB8 /* ViewController.swift in Sources */,
				AA8DDAF0285EEF9A00A7DFEB /* AuthViewController.swift in Sources */,
				AA8DDAEC285EEF9A00A7DFEB /* AppDelegate.swift in Sources */,
				AACDE78E2883D6F400EFB581 /* RegisterViewController.swift in Sources */,
				AA8DDAEE285EEF9A00A7DFEB /* SceneDelegate.swift in Sources */,
				AA5560852866B4E400FB207C /* ResetViewController.swift in Sources */,
				AACDE7892883C09900EFB581 /* HomeViewController.swift in Sources */,
				AAF712D428849A4400C0DBB8 /* Utilities.swift in Sources */,
				AAF712D82884ABA300C0DBB8 /* Constants.swift in Sources */,
			);
			runOnlyForDeploymentPostprocessing = 0;
		};
/* End PBXSourcesBuildPhase section */

/* Begin PBXVariantGroup section */
		AA8DDAF1285EEF9A00A7DFEB /* Main.storyboard */ = {
			isa = PBXVariantGroup;
			children = (
				AA8DDAF2285EEF9A00A7DFEB /* Base */,
			);
			name = Main.storyboard;
			sourceTree = "<group>";
		};
		AA8DDAF6285EEFA300A7DFEB /* LaunchScreen.storyboard */ = {
			isa = PBXVariantGroup;
			children = (
				AA8DDAF7285EEFA300A7DFEB /* Base */,
			);
			name = LaunchScreen.storyboard;
			sourceTree = "<group>";
		};
/* End PBXVariantGroup section */

/* Begin XCBuildConfiguration section */
		AA8DDAFA285EEFA300A7DFEB /* Debug */ = {
			isa = XCBuildConfiguration;
			buildSettings = {
				ALWAYS_SEARCH_USER_PATHS = NO;
				CLANG_ANALYZER_NONNULL = YES;
				CLANG_ANALYZER_NUMBER_OBJECT_CONVERSION = YES_AGGRESSIVE;
				CLANG_CXX_LANGUAGE_STANDARD = "gnu++14";
				CLANG_CXX_LIBRARY = "libc++";
				CLANG_ENABLE_MODULES = YES;
				CLANG_ENABLE_OBJC_ARC = YES;
				CLANG_ENABLE_OBJC_WEAK = YES;
				CLANG_WARN_BLOCK_CAPTURE_AUTORELEASING = YES;
				CLANG_WARN_BOOL_CONVERSION = YES;
				CLANG_WARN_COMMA = YES;
				CLANG_WARN_CONSTANT_CONVERSION = YES;
				CLANG_WARN_DEPRECATED_OBJC_IMPLEMENTATIONS = YES;
				CLANG_WARN_DIRECT_OBJC_ISA_USAGE = YES_ERROR;
				CLANG_WARN_DOCUMENTATION_COMMENTS = YES;
				CLANG_WARN_EMPTY_BODY = YES;
				CLANG_WARN_ENUM_CONVERSION = YES;
				CLANG_WARN_INFINITE_RECURSION = YES;
				CLANG_WARN_INT_CONVERSION = YES;
				CLANG_WARN_NON_LITERAL_NULL_CONVERSION = YES;
				CLANG_WARN_OBJC_IMPLICIT_RETAIN_SELF = YES;
				CLANG_WARN_OBJC_LITERAL_CONVERSION = YES;
				CLANG_WARN_OBJC_ROOT_CLASS = YES_ERROR;
				CLANG_WARN_QUOTED_INCLUDE_IN_FRAMEWORK_HEADER = YES;
				CLANG_WARN_RANGE_LOOP_ANALYSIS = YES;
				CLANG_WARN_STRICT_PROTOTYPES = YES;
				CLANG_WARN_SUSPICIOUS_MOVE = YES;
				CLANG_WARN_UNGUARDED_AVAILABILITY = YES_AGGRESSIVE;
				CLANG_WARN_UNREACHABLE_CODE = YES;
				CLANG_WARN__DUPLICATE_METHOD_MATCH = YES;
				COPY_PHASE_STRIP = NO;
				DEBUG_INFORMATION_FORMAT = dwarf;
				ENABLE_STRICT_OBJC_MSGSEND = YES;
				ENABLE_TESTABILITY = YES;
				GCC_C_LANGUAGE_STANDARD = gnu11;
				GCC_DYNAMIC_NO_PIC = NO;
				GCC_NO_COMMON_BLOCKS = YES;
				GCC_OPTIMIZATION_LEVEL = 0;
				GCC_PREPROCESSOR_DEFINITIONS = (
					"DEBUG=1",
					"$(inherited)",
				);
				GCC_WARN_64_TO_32_BIT_CONVERSION = YES;
				GCC_WARN_ABOUT_RETURN_TYPE = YES_ERROR;
				GCC_WARN_UNDECLARED_SELECTOR = YES;
				GCC_WARN_UNINITIALIZED_AUTOS = YES_AGGRESSIVE;
				GCC_WARN_UNUSED_FUNCTION = YES;
				GCC_WARN_UNUSED_VARIABLE = YES;
				IPHONEOS_DEPLOYMENT_TARGET = 14.4;
				MTL_ENABLE_DEBUG_INFO = INCLUDE_SOURCE;
				MTL_FAST_MATH = YES;
				ONLY_ACTIVE_ARCH = YES;
				SDKROOT = iphoneos;
				SWIFT_ACTIVE_COMPILATION_CONDITIONS = DEBUG;
				SWIFT_OPTIMIZATION_LEVEL = "-Onone";
			};
			name = Debug;
		};
		AA8DDAFB285EEFA300A7DFEB /* Release */ = {
			isa = XCBuildConfiguration;
			buildSettings = {
				ALWAYS_SEARCH_USER_PATHS = NO;
				CLANG_ANALYZER_NONNULL = YES;
				CLANG_ANALYZER_NUMBER_OBJECT_CONVERSION = YES_AGGRESSIVE;
				CLANG_CXX_LANGUAGE_STANDARD = "gnu++14";
				CLANG_CXX_LIBRARY = "libc++";
				CLANG_ENABLE_MODULES = YES;
				CLANG_ENABLE_OBJC_ARC = YES;
				CLANG_ENABLE_OBJC_WEAK = YES;
				CLANG_WARN_BLOCK_CAPTURE_AUTORELEASING = YES;
				CLANG_WARN_BOOL_CONVERSION = YES;
				CLANG_WARN_COMMA = YES;
				CLANG_WARN_CONSTANT_CONVERSION = YES;
				CLANG_WARN_DEPRECATED_OBJC_IMPLEMENTATIONS = YES;
				CLANG_WARN_DIRECT_OBJC_ISA_USAGE = YES_ERROR;
				CLANG_WARN_DOCUMENTATION_COMMENTS = YES;
				CLANG_WARN_EMPTY_BODY = YES;
				CLANG_WARN_ENUM_CONVERSION = YES;
				CLANG_WARN_INFINITE_RECURSION = YES;
				CLANG_WARN_INT_CONVERSION = YES;
				CLANG_WARN_NON_LITERAL_NULL_CONVERSION = YES;
				CLANG_WARN_OBJC_IMPLICIT_RETAIN_SELF = YES;
				CLANG_WARN_OBJC_LITERAL_CONVERSION = YES;
				CLANG_WARN_OBJC_ROOT_CLASS = YES_ERROR;
				CLANG_WARN_QUOTED_INCLUDE_IN_FRAMEWORK_HEADER = YES;
				CLANG_WARN_RANGE_LOOP_ANALYSIS = YES;
				CLANG_WARN_STRICT_PROTOTYPES = YES;
				CLANG_WARN_SUSPICIOUS_MOVE = YES;
				CLANG_WARN_UNGUARDED_AVAILABILITY = YES_AGGRESSIVE;
				CLANG_WARN_UNREACHABLE_CODE = YES;
				CLANG_WARN__DUPLICATE_METHOD_MATCH = YES;
				COPY_PHASE_STRIP = NO;
				DEBUG_INFORMATION_FORMAT = "dwarf-with-dsym";
				ENABLE_NS_ASSERTIONS = NO;
				ENABLE_STRICT_OBJC_MSGSEND = YES;
				GCC_C_LANGUAGE_STANDARD = gnu11;
				GCC_NO_COMMON_BLOCKS = YES;
				GCC_WARN_64_TO_32_BIT_CONVERSION = YES;
				GCC_WARN_ABOUT_RETURN_TYPE = YES_ERROR;
				GCC_WARN_UNDECLARED_SELECTOR = YES;
				GCC_WARN_UNINITIALIZED_AUTOS = YES_AGGRESSIVE;
				GCC_WARN_UNUSED_FUNCTION = YES;
				GCC_WARN_UNUSED_VARIABLE = YES;
				IPHONEOS_DEPLOYMENT_TARGET = 14.4;
				MTL_ENABLE_DEBUG_INFO = NO;
				MTL_FAST_MATH = YES;
				SDKROOT = iphoneos;
				SWIFT_COMPILATION_MODE = wholemodule;
				SWIFT_OPTIMIZATION_LEVEL = "-O";
				VALIDATE_PRODUCT = YES;
			};
			name = Release;
		};
		AA8DDAFD285EEFA300A7DFEB /* Debug */ = {
			isa = XCBuildConfiguration;
			buildSettings = {
				ASSETCATALOG_COMPILER_APPICON_NAME = AppIcon;
				ASSETCATALOG_COMPILER_GLOBAL_ACCENT_COLOR_NAME = AccentColor;
				CODE_SIGN_STYLE = Automatic;
				INFOPLIST_FILE = CaraLibro/Info.plist;
				LD_RUNPATH_SEARCH_PATHS = (
					"$(inherited)",
					"@executable_path/Frameworks",
				);
				PRODUCT_BUNDLE_IDENTIFIER = com.isil.CaraLibro;
				PRODUCT_NAME = "$(TARGET_NAME)";
				SWIFT_VERSION = 5.0;
				TARGETED_DEVICE_FAMILY = "1,2";
			};
			name = Debug;
		};
		AA8DDAFE285EEFA300A7DFEB /* Release */ = {
			isa = XCBuildConfiguration;
			buildSettings = {
				ASSETCATALOG_COMPILER_APPICON_NAME = AppIcon;
				ASSETCATALOG_COMPILER_GLOBAL_ACCENT_COLOR_NAME = AccentColor;
				CODE_SIGN_STYLE = Automatic;
				INFOPLIST_FILE = CaraLibro/Info.plist;
				LD_RUNPATH_SEARCH_PATHS = (
					"$(inherited)",
					"@executable_path/Frameworks",
				);
				PRODUCT_BUNDLE_IDENTIFIER = com.isil.CaraLibro;
				PRODUCT_NAME = "$(TARGET_NAME)";
				SWIFT_VERSION = 5.0;
				TARGETED_DEVICE_FAMILY = "1,2";
			};
			name = Release;
		};
/* End XCBuildConfiguration section */

/* Begin XCConfigurationList section */
		AA8DDAE3285EEF9A00A7DFEB /* Build configuration list for PBXProject "CaraLibro" */ = {
			isa = XCConfigurationList;
			buildConfigurations = (
				AA8DDAFA285EEFA300A7DFEB /* Debug */,
				AA8DDAFB285EEFA300A7DFEB /* Release */,
			);
			defaultConfigurationIsVisible = 0;
			defaultConfigurationName = Release;
		};
		AA8DDAFC285EEFA300A7DFEB /* Build configuration list for PBXNativeTarget "CaraLibro" */ = {
			isa = XCConfigurationList;
			buildConfigurations = (
				AA8DDAFD285EEFA300A7DFEB /* Debug */,
				AA8DDAFE285EEFA300A7DFEB /* Release */,
			);
			defaultConfigurationIsVisible = 0;
			defaultConfigurationName = Release;
		};
/* End XCConfigurationList section */

/* Begin XCRemoteSwiftPackageReference section */
		AA7E72B828652BF4001E50AF /* XCRemoteSwiftPackageReference "firebase-ios-sdk" */ = {
			isa = XCRemoteSwiftPackageReference;
			repositoryURL = "https://github.com/firebase/firebase-ios-sdk";
			requirement = {
				kind = upToNextMajorVersion;
				minimumVersion = 9.2.0;
			};
		};
/* End XCRemoteSwiftPackageReference section */

/* Begin XCSwiftPackageProductDependency section */
		AA7E72B928652BF4001E50AF /* FirebaseAnalytics */ = {
			isa = XCSwiftPackageProductDependency;
			package = AA7E72B828652BF4001E50AF /* XCRemoteSwiftPackageReference "firebase-ios-sdk" */;
			productName = FirebaseAnalytics;
		};
		AA7E72BB28652BF4001E50AF /* FirebaseAuth */ = {
			isa = XCSwiftPackageProductDependency;
			package = AA7E72B828652BF4001E50AF /* XCRemoteSwiftPackageReference "firebase-ios-sdk" */;
			productName = FirebaseAuth;
		};
		AA7E72BD28652BF4001E50AF /* FirebaseFirestore */ = {
			isa = XCSwiftPackageProductDependency;
			package = AA7E72B828652BF4001E50AF /* XCRemoteSwiftPackageReference "firebase-ios-sdk" */;
			productName = FirebaseFirestore;
		};
		AA7E72BF28652BF4001E50AF /* FirebaseDatabase */ = {
			isa = XCSwiftPackageProductDependency;
			package = AA7E72B828652BF4001E50AF /* XCRemoteSwiftPackageReference "firebase-ios-sdk" */;
			productName = FirebaseDatabase;
		};
/* End XCSwiftPackageProductDependency section */
	};
	rootObject = AA8DDAE0285EEF9A00A7DFEB /* Project object */;
}
